<?xml version="1.0" encoding="utf-8"?>
<Project ToolsVersion="4.0" xmlns="http://schemas.microsoft.com/developer/msbuild/2003">
  <ItemGroup>
    <Filter Include="Source Files">
      <UniqueIdentifier>{4FC737F1-C7A5-4376-A066-2A32D752A2FF}</UniqueIdentifier>
      <Extensions>cpp;c;cc;cxx;c++;cppm;ixx;def;odl;idl;hpj;bat;asm;asmx</Extensions>
    </Filter>
    <Filter Include="Header Files">
      <UniqueIdentifier>{93995380-89BD-4b04-88EB-625FBE52EBFB}</UniqueIdentifier>
      <Extensions>h;hh;hpp;hxx;h++;hm;inl;inc;ipp;xsd</Extensions>
    </Filter>
    <Filter Include="Resource Files">
      <UniqueIdentifier>{67DA6AB6-F800-4c08-8B7A-83BB121AAD01}</UniqueIdentifier>
      <Extensions>rc;ico;cur;bmp;dlg;rc2;rct;bin;rgs;gif;jpg;jpeg;jpe;resx;tiff;tif;png;wav;mfcribbon-ms</Extensions>
    </Filter>
    <Filter Include="cmn">
      <UniqueIdentifier>{a2b8f735-169d-4f3c-9d36-6e712ddd9475}</UniqueIdentifier>
    </Filter>
    <Filter Include="cmn\NewFilter1">
      <UniqueIdentifier>{c2f8782e-7a70-4550-9fa3-acce35a11097}</UniqueIdentifier>
    </Filter>
    <Filter Include="cmn_net">
      <UniqueIdentifier>{ac1feb2c-b477-46a6-aa1c-544f0265f4c8}</UniqueIdentifier>
    </Filter>
    <Filter Include="cmn_crypto">
      <UniqueIdentifier>{139376de-0fbe-47b9-bf08-c94a41cafa63}</UniqueIdentifier>
    </Filter>
  </ItemGroup>
  <ItemGroup>
    <ClInclude Include="Test.h">
      <Filter>Header Files</Filter>
    </ClInclude>
    <ClInclude Include="TestDlg.h">
      <Filter>Header Files</Filter>
    </ClInclude>
    <ClInclude Include="framework.h">
      <Filter>Header Files</Filter>
    </ClInclude>
    <ClInclude Include="targetver.h">
      <Filter>Header Files</Filter>
    </ClInclude>
    <ClInclude Include="Resource.h">
      <Filter>Header Files</Filter>
    </ClInclude>
    <ClInclude Include="pch.h">
      <Filter>Header Files</Filter>
    </ClInclude>
    <ClInclude Include="..\cmn\ClaOsInfo.h">
      <Filter>cmn</Filter>
    </ClInclude>
    <ClInclude Include="..\cmn_net\ClaFwMgr.h">
      <Filter>cmn_net</Filter>
    </ClInclude>
    <ClInclude Include="..\cmn\ClaRegMgr.h">
      <Filter>cmn</Filter>
    </ClInclude>
    <ClInclude Include="..\cmn\ClaProcess.h">
      <Filter>cmn</Filter>
    </ClInclude>
    <ClInclude Include="..\cmn_crypto\AES.h">
      <Filter>cmn_crypto</Filter>
    </ClInclude>
    <ClInclude Include="..\cmn_crypto\kncrypto.h">
      <Filter>cmn_crypto</Filter>
    </ClInclude>
    <ClInclude Include="..\cmn_crypto\SHA256.h">
      <Filter>cmn_crypto</Filter>
    </ClInclude>
    <ClInclude Include="..\cmn\ClaPowerShellMgr.h">
      <Filter>cmn</Filter>
    </ClInclude>
  </ItemGroup>
  <ItemGroup>
    <ClCompile Include="Test.cpp">
      <Filter>Source Files</Filter>
    </ClCompile>
    <ClCompile Include="TestDlg.cpp">
      <Filter>Source Files</Filter>
    </ClCompile>
    <ClCompile Include="pch.cpp">
      <Filter>Source Files</Filter>
    </ClCompile>
    <ClCompile Include="..\cmn\ClaOsInfo.cpp">
      <Filter>cmn</Filter>
    </ClCompile>
    <ClCompile Include="..\cmn_net\ClaFwMgr.cpp">
      <Filter>cmn_net</Filter>
    </ClCompile>
    <ClCompile Include="..\cmn\ClaRegMgr.cpp">
      <Filter>cmn</Filter>
    </ClCompile>
    <ClCompile Include="..\cmn\ClaProcess.cpp">
      <Filter>cmn</Filter>
    </ClCompile>
    <ClCompile Include="..\cmn_crypto\AES.cpp">
      <Filter>cmn_crypto</Filter>
    </ClCompile>
    <ClCompile Include="..\cmn_crypto\kncrypto.cpp">
      <Filter>cmn_crypto</Filter>
    </ClCompile>
    <ClCompile Include="..\cmn_crypto\SHA256.cpp">
      <Filter>cmn_crypto</Filter>
    </ClCompile>
    <ClCompile Include="..\cmn\ClaPowerShellMgr.cpp">
      <Filter>cmn</Filter>
    </ClCompile>
  </ItemGroup>
  <ItemGroup>
    <ResourceCompile Include="Test.rc">
      <Filter>Resource Files</Filter>
    </ResourceCompile>
  </ItemGroup>
  <ItemGroup>
    <None Include="res\Test.rc2">
      <Filter>Resource Files</Filter>
    </None>
  </ItemGroup>
  <ItemGroup>
    <Image Include="res\Test.ico">
      <Filter>Resource Files</Filter>
    </Image>
    <Image Include="res\icon1.ico">
      <Filter>Resource Files</Filter>
    </Image>
    <Image Include="..\..\..\..\..\..\icon.ico">
      <Filter>Resource Files</Filter>
    </Image>
  </ItemGroup>
</Project>