<?xml version="1.0" encoding="utf-8"?>
<Project ToolsVersion="4.0" xmlns="http://schemas.microsoft.com/developer/msbuild/2003">
  <ItemGroup>
    <Filter Include="Source Files">
      <UniqueIdentifier>{4FC737F1-C7A5-4376-A066-2A32D752A2FF}</UniqueIdentifier>
      <Extensions>cpp;c;cc;cxx;c++;cppm;ixx;def;odl;idl;hpj;bat;asm;asmx</Extensions>
    </Filter>
    <Filter Include="Header Files">
      <UniqueIdentifier>{93995380-89BD-4b04-88EB-625FBE52EBFB}</UniqueIdentifier>
      <Extensions>h;hh;hpp;hxx;h++;hm;inl;inc;ipp;xsd</Extensions>
    </Filter>
    <Filter Include="Resource Files">
      <UniqueIdentifier>{67DA6AB6-F800-4c08-8B7A-83BB121AAD01}</UniqueIdentifier>
      <Extensions>rc;ico;cur;bmp;dlg;rc2;rct;bin;rgs;gif;jpg;jpeg;jpe;resx;tiff;tif;png;wav;mfcribbon-ms</Extensions>
    </Filter>
    <Filter Include="cmn">
      <UniqueIdentifier>{c8e8a97b-a3e1-4273-88a6-dd0d76a394d6}</UniqueIdentifier>
    </Filter>
  </ItemGroup>
  <ItemGroup>
    <ClInclude Include="KUpdateApp.h">
      <Filter>Header Files</Filter>
    </ClInclude>
    <ClInclude Include="KUpdateAppDlg.h">
      <Filter>Header Files</Filter>
    </ClInclude>
    <ClInclude Include="framework.h">
      <Filter>Header Files</Filter>
    </ClInclude>
    <ClInclude Include="targetver.h">
      <Filter>Header Files</Filter>
    </ClInclude>
    <ClInclude Include="Resource.h">
      <Filter>Header Files</Filter>
    </ClInclude>
    <ClInclude Include="pch.h">
      <Filter>Header Files</Filter>
    </ClInclude>
    <ClInclude Include="..\cmn\base64.hpp">
      <Filter>cmn</Filter>
    </ClInclude>
    <ClInclude Include="..\cmn\base64enc.h">
      <Filter>cmn</Filter>
    </ClInclude>
    <ClInclude Include="..\cmn\ClaEvent.h">
      <Filter>cmn</Filter>
    </ClInclude>
    <ClInclude Include="..\cmn\ClaFileMap.h">
      <Filter>cmn</Filter>
    </ClInclude>
    <ClInclude Include="..\cmn\ClaFileProperty.h">
      <Filter>cmn</Filter>
    </ClInclude>
    <ClInclude Include="..\cmn\ClaLogMgr.h">
      <Filter>cmn</Filter>
    </ClInclude>
    <ClInclude Include="..\cmn\ClaMutex.h">
      <Filter>cmn</Filter>
    </ClInclude>
    <ClInclude Include="..\cmn\ClaOsInfo.h">
      <Filter>cmn</Filter>
    </ClInclude>
    <ClInclude Include="..\cmn\ClaPathMgr.h">
      <Filter>cmn</Filter>
    </ClInclude>
    <ClInclude Include="..\cmn\ClaPowerShellMgr.h">
      <Filter>cmn</Filter>
    </ClInclude>
    <ClInclude Include="..\cmn\ClaProcess.h">
      <Filter>cmn</Filter>
    </ClInclude>
    <ClInclude Include="..\cmn\ClaRegMgr.h">
      <Filter>cmn</Filter>
    </ClInclude>
    <ClInclude Include="..\cmn\ClaSecurityDescriptor.h">
      <Filter>cmn</Filter>
    </ClInclude>
    <ClInclude Include="..\cmn\ClaSvcMgr.h">
      <Filter>cmn</Filter>
    </ClInclude>
    <ClInclude Include="..\cmn\Global.h">
      <Filter>cmn</Filter>
    </ClInclude>
    <ClInclude Include="..\cmn\json.hpp">
      <Filter>cmn</Filter>
    </ClInclude>
  </ItemGroup>
  <ItemGroup>
    <ClCompile Include="KUpdateApp.cpp">
      <Filter>Source Files</Filter>
    </ClCompile>
    <ClCompile Include="KUpdateAppDlg.cpp">
      <Filter>Source Files</Filter>
    </ClCompile>
    <ClCompile Include="pch.cpp">
      <Filter>Source Files</Filter>
    </ClCompile>
    <ClCompile Include="..\cmn\base64enc.cpp">
      <Filter>cmn</Filter>
    </ClCompile>
    <ClCompile Include="..\cmn\ClaEvent.cpp">
      <Filter>cmn</Filter>
    </ClCompile>
    <ClCompile Include="..\cmn\ClaFileMap.cpp">
      <Filter>cmn</Filter>
    </ClCompile>
    <ClCompile Include="..\cmn\ClaFileProperty.cpp">
      <Filter>cmn</Filter>
    </ClCompile>
    <ClCompile Include="..\cmn\ClaLogMgr.cpp">
      <Filter>cmn</Filter>
    </ClCompile>
    <ClCompile Include="..\cmn\ClaMutex.cpp">
      <Filter>cmn</Filter>
    </ClCompile>
    <ClCompile Include="..\cmn\ClaOsInfo.cpp">
      <Filter>cmn</Filter>
    </ClCompile>
    <ClCompile Include="..\cmn\ClaPathMgr.cpp">
      <Filter>cmn</Filter>
    </ClCompile>
    <ClCompile Include="..\cmn\ClaPowerShellMgr.cpp">
      <Filter>cmn</Filter>
    </ClCompile>
    <ClCompile Include="..\cmn\ClaProcess.cpp">
      <Filter>cmn</Filter>
    </ClCompile>
    <ClCompile Include="..\cmn\ClaRegMgr.cpp">
      <Filter>cmn</Filter>
    </ClCompile>
    <ClCompile Include="..\cmn\ClaSecurityDescriptor.cpp">
      <Filter>cmn</Filter>
    </ClCompile>
    <ClCompile Include="..\cmn\ClaSvcMgr.cpp">
      <Filter>cmn</Filter>
    </ClCompile>
    <ClCompile Include="..\cmn\Global.cpp">
      <Filter>cmn</Filter>
    </ClCompile>
  </ItemGroup>
  <ItemGroup>
    <ResourceCompile Include="KUpdateApp.rc">
      <Filter>Resource Files</Filter>
    </ResourceCompile>
  </ItemGroup>
  <ItemGroup>
    <None Include="res\KUpdateApp.rc2">
      <Filter>Resource Files</Filter>
    </None>
  </ItemGroup>
  <ItemGroup>
    <Image Include="res\KUpdateApp.ico">
      <Filter>Resource Files</Filter>
    </Image>
  </ItemGroup>
</Project>